
Microsoft Visual Studio Solution File, Format Version 12.00
# Visual Studio Version 16
VisualStudioVersion = 16.0.29806.167
MinimumVisualStudioVersion = 10.0.40219.1
Project("{9A19103F-16F7-4668-BE54-9A1E7A4F7556}") = "MeetingAppDemo", "MeetingAppDemo\MeetingAppDemo.csproj", "{9CA22626-8CB3-4188-A521-C33685C3DE7B}"
EndProject
Project("{9A19103F-16F7-4668-BE54-9A1E7A4F7556}") = "Domain", "Domain\Domain.csproj", "{F4130740-BFF0-48F2-AA01-1BB3898BFEEF}"
EndProject
Project("{9A19103F-16F7-4668-BE54-9A1E7A4F7556}") = "Application", "Application\Application.csproj", "{D4769DA8-26C3-4AB4-8B96-9ADDE80BF77A}"
EndProject
Project("{9A19103F-16F7-4668-BE54-9A1E7A4F7556}") = "Persistance", "Persistance\Persistance.csproj", "{2B715FDC-9812-4F82-BBB0-4A9A615CACE4}"
EndProject
Project("{9A19103F-16F7-4668-BE54-9A1E7A4F7556}") = "Service", "Service\Service.csproj", "{58E3CFFF-32F1-48E9-8C8D-7588FF824B37}"
EndProject
Global
	GlobalSection(SolutionConfigurationPlatforms) = preSolution
		Debug|Any CPU = Debug|Any CPU
		Release|Any CPU = Release|Any CPU
	EndGlobalSection
	GlobalSection(ProjectConfigurationPlatforms) = postSolution
		{9CA22626-8CB3-4188-A521-C33685C3DE7B}.Debug|Any CPU.ActiveCfg = Debug|Any CPU
		{9CA22626-8CB3-4188-A521-C33685C3DE7B}.Debug|Any CPU.Build.0 = Debug|Any CPU
		{9CA22626-8CB3-4188-A521-C33685C3DE7B}.Release|Any CPU.ActiveCfg = Release|Any CPU
		{9CA22626-8CB3-4188-A521-C33685C3DE7B}.Release|Any CPU.Build.0 = Release|Any CPU
		{F4130740-BFF0-48F2-AA01-1BB3898BFEEF}.Debug|Any CPU.ActiveCfg = Debug|Any CPU
		{F4130740-BFF0-48F2-AA01-1BB3898BFEEF}.Debug|Any CPU.Build.0 = Debug|Any CPU
		{F4130740-BFF0-48F2-AA01-1BB3898BFEEF}.Release|Any CPU.ActiveCfg = Release|Any CPU
		{F4130740-BFF0-48F2-AA01-1BB3898BFEEF}.Release|Any CPU.Build.0 = Release|Any CPU
		{D4769DA8-26C3-4AB4-8B96-9ADDE80BF77A}.Debug|Any CPU.ActiveCfg = Debug|Any CPU
		{D4769DA8-26C3-4AB4-8B96-9ADDE80BF77A}.Debug|Any CPU.Build.0 = Debug|Any CPU
		{D4769DA8-26C3-4AB4-8B96-9ADDE80BF77A}.Release|Any CPU.ActiveCfg = Release|Any CPU
		{D4769DA8-26C3-4AB4-8B96-9ADDE80BF77A}.Release|Any CPU.Build.0 = Release|Any CPU
		{2B715FDC-9812-4F82-BBB0-4A9A615CACE4}.Debug|Any CPU.ActiveCfg = Debug|Any CPU
		{2B715FDC-9812-4F82-BBB0-4A9A615CACE4}.Debug|Any CPU.Build.0 = Debug|Any CPU
		{2B715FDC-9812-4F82-BBB0-4A9A615CACE4}.Release|Any CPU.ActiveCfg = Release|Any CPU
		{2B715FDC-9812-4F82-BBB0-4A9A615CACE4}.Release|Any CPU.Build.0 = Release|Any CPU
		{58E3CFFF-32F1-48E9-8C8D-7588FF824B37}.Debug|Any CPU.ActiveCfg = Debug|Any CPU
		{58E3CFFF-32F1-48E9-8C8D-7588FF824B37}.Debug|Any CPU.Build.0 = Debug|Any CPU
		{58E3CFFF-32F1-48E9-8C8D-7588FF824B37}.Release|Any CPU.ActiveCfg = Release|Any CPU
		{58E3CFFF-32F1-48E9-8C8D-7588FF824B37}.Release|Any CPU.Build.0 = Release|Any CPU
	EndGlobalSection
	GlobalSection(SolutionProperties) = preSolution
		HideSolutionNode = FALSE
	EndGlobalSection
	GlobalSection(ExtensibilityGlobals) = postSolution
		SolutionGuid = {7DCCC1FC-A8C6-4079-8123-6CDC8023252A}
	EndGlobalSection
EndGlobal
